// !$*UTF8*$!
{
	archiveVersion = 1;
	classes = {
	};
	objectVersion = 50;
	objects = {

/* Begin PBXBuildFile section */
		021386D1ED735E20CE3E2B32 /* Pods_EcoCap.framework in Frameworks */ = {isa = PBXBuildFile; fileRef = 7B114A8AEBD8C50396D042B9 /* Pods_EcoCap.framework */; };
		25259A2E20BF343000E00F5A /* Challenge.swift in Sources */ = {isa = PBXBuildFile; fileRef = 25259A2D20BF343000E00F5A /* Challenge.swift */; };
		25259A3020BF479400E00F5A /* Level.swift in Sources */ = {isa = PBXBuildFile; fileRef = 25259A2F20BF479400E00F5A /* Level.swift */; };
		256803A120B9AA8B00490E1D /* ProfileViewController.swift in Sources */ = {isa = PBXBuildFile; fileRef = 256803A020B9AA8B00490E1D /* ProfileViewController.swift */; };
		256803A320B9AAB400490E1D /* ChallengesViewController.swift in Sources */ = {isa = PBXBuildFile; fileRef = 256803A220B9AAB400490E1D /* ChallengesViewController.swift */; };
		256803A520B9AAC500490E1D /* RankingViewController.swift in Sources */ = {isa = PBXBuildFile; fileRef = 256803A420B9AAC500490E1D /* RankingViewController.swift */; };
		256803A720B9AAD900490E1D /* SettingsViewController.swift in Sources */ = {isa = PBXBuildFile; fileRef = 256803A620B9AAD900490E1D /* SettingsViewController.swift */; };
		256803A920B9BAF900490E1D /* ProgressBarView.swift in Sources */ = {isa = PBXBuildFile; fileRef = 256803A820B9BAF900490E1D /* ProgressBarView.swift */; };
		2570FD2220C7CBED0063E0A5 /* CustomTabBarViewController.swift in Sources */ = {isa = PBXBuildFile; fileRef = 2570FD2120C7CBED0063E0A5 /* CustomTabBarViewController.swift */; };
		257375FF20B8ABA1003D1B27 /* AppDelegate.swift in Sources */ = {isa = PBXBuildFile; fileRef = 257375FE20B8ABA1003D1B27 /* AppDelegate.swift */; };
		2573760120B8ABA1003D1B27 /* AuthViewController.swift in Sources */ = {isa = PBXBuildFile; fileRef = 2573760020B8ABA1003D1B27 /* AuthViewController.swift */; };
		2573760420B8ABA1003D1B27 /* Main.storyboard in Resources */ = {isa = PBXBuildFile; fileRef = 2573760220B8ABA1003D1B27 /* Main.storyboard */; };
		2573760620B8ABA2003D1B27 /* Assets.xcassets in Resources */ = {isa = PBXBuildFile; fileRef = 2573760520B8ABA2003D1B27 /* Assets.xcassets */; };
		2573760920B8ABA2003D1B27 /* LaunchScreen.storyboard in Resources */ = {isa = PBXBuildFile; fileRef = 2573760720B8ABA2003D1B27 /* LaunchScreen.storyboard */; };
		2573761420B8ABA2003D1B27 /* EcoCapTests.swift in Sources */ = {isa = PBXBuildFile; fileRef = 2573761320B8ABA2003D1B27 /* EcoCapTests.swift */; };
		2573761F20B8ABA2003D1B27 /* EcoCapUITests.swift in Sources */ = {isa = PBXBuildFile; fileRef = 2573761E20B8ABA2003D1B27 /* EcoCapUITests.swift */; };
		2573762F20B8B21B003D1B27 /* Home.storyboard in Resources */ = {isa = PBXBuildFile; fileRef = 2573762E20B8B21B003D1B27 /* Home.storyboard */; };
		2573763120B8B68F003D1B27 /* OnboardingViewController.swift in Sources */ = {isa = PBXBuildFile; fileRef = 2573763020B8B68F003D1B27 /* OnboardingViewController.swift */; };
		2573763320B8B77E003D1B27 /* PageOneOnboardingView.swift in Sources */ = {isa = PBXBuildFile; fileRef = 2573763220B8B77E003D1B27 /* PageOneOnboardingView.swift */; };
		2573763520B8B78F003D1B27 /* PageTwoOnboardingView.swift in Sources */ = {isa = PBXBuildFile; fileRef = 2573763420B8B78F003D1B27 /* PageTwoOnboardingView.swift */; };
		2573763720B8B79E003D1B27 /* PageThreeOnboardingView.swift in Sources */ = {isa = PBXBuildFile; fileRef = 2573763620B8B79E003D1B27 /* PageThreeOnboardingView.swift */; };
		2573763F20B8CB44003D1B27 /* OnBoardingContainerViewController.swift in Sources */ = {isa = PBXBuildFile; fileRef = 2573763E20B8CB44003D1B27 /* OnBoardingContainerViewController.swift */; };
		25CCA40B20C73DA2009D0F55 /* RankingTableViewCell.swift in Sources */ = {isa = PBXBuildFile; fileRef = 25CCA40A20C73DA2009D0F55 /* RankingTableViewCell.swift */; };
		25CCA40D20C74A72009D0F55 /* overrideUIImage.swift in Sources */ = {isa = PBXBuildFile; fileRef = 25CCA40C20C74A72009D0F55 /* overrideUIImage.swift */; };
		25D165E120BAB22700639D18 /* HeaderStickyView.swift in Sources */ = {isa = PBXBuildFile; fileRef = 25D165E020BAB22700639D18 /* HeaderStickyView.swift */; };
		25D165E320BAB62E00639D18 /* GradientView.swift in Sources */ = {isa = PBXBuildFile; fileRef = 25D165E220BAB62E00639D18 /* GradientView.swift */; };
		25D165E520BB148D00639D18 /* ChallengesTableViewCell.swift in Sources */ = {isa = PBXBuildFile; fileRef = 25D165E420BB148D00639D18 /* ChallengesTableViewCell.swift */; };
		25D165E920BB813500639D18 /* CustomViewCell.swift in Sources */ = {isa = PBXBuildFile; fileRef = 25D165E820BB813500639D18 /* CustomViewCell.swift */; };
		25E8ABDA20BC992B00079A17 /* CategoryTableViewCell.swift in Sources */ = {isa = PBXBuildFile; fileRef = 25E8ABD920BC992B00079A17 /* CategoryTableViewCell.swift */; };
		25E8ABDC20BCA3F600079A17 /* GradientRoundedButton.swift in Sources */ = {isa = PBXBuildFile; fileRef = 25E8ABDB20BCA3F600079A17 /* GradientRoundedButton.swift */; };
		25E8ABDE20BCBFBB00079A17 /* DetailChallengeViewController.swift in Sources */ = {isa = PBXBuildFile; fileRef = 25E8ABDD20BCBFBB00079A17 /* DetailChallengeViewController.swift */; };
		25F70F3320C5C33F00AD33F7 /* overrideUiColor.swift in Sources */ = {isa = PBXBuildFile; fileRef = 25F70F3220C5C33F00AD33F7 /* overrideUiColor.swift */; };
		25F70F3520C5E8C600AD33F7 /* ProfilViewController.swift in Sources */ = {isa = PBXBuildFile; fileRef = 25F70F3420C5E8C600AD33F7 /* ProfilViewController.swift */; };
		25F70F3720C5F72600AD33F7 /* ProfileTableViewCell.swift in Sources */ = {isa = PBXBuildFile; fileRef = 25F70F3620C5F72600AD33F7 /* ProfileTableViewCell.swift */; };
		94BCEBD638CC6B69A69EA665 /* Pods_EcoCapTests.framework in Frameworks */ = {isa = PBXBuildFile; fileRef = 2D92644980E818F3E2AA3F85 /* Pods_EcoCapTests.framework */; };
		EAEE475B20C06FB400C043D5 /* GoogleService-Info.plist in Resources */ = {isa = PBXBuildFile; fileRef = EAEE475A20C06FB400C043D5 /* GoogleService-Info.plist */; };
		EAEE476320C5369900C043D5 /* Auth.storyboard in Resources */ = {isa = PBXBuildFile; fileRef = EAEE476220C5369900C043D5 /* Auth.storyboard */; };
		EDC9B40D2A661E4068ED3862 /* Pods_EcoCapUITests.framework in Frameworks */ = {isa = PBXBuildFile; fileRef = 64F3DD0FAE813D9EC3C5D9AF /* Pods_EcoCapUITests.framework */; };
/* End PBXBuildFile section */

/* Begin PBXContainerItemProxy section */
		2573761020B8ABA2003D1B27 /* PBXContainerItemProxy */ = {
			isa = PBXContainerItemProxy;
			containerPortal = 257375F320B8ABA1003D1B27 /* Project object */;
			proxyType = 1;
			remoteGlobalIDString = 257375FA20B8ABA1003D1B27;
			remoteInfo = EcoCap;
		};
		2573761B20B8ABA2003D1B27 /* PBXContainerItemProxy */ = {
			isa = PBXContainerItemProxy;
			containerPortal = 257375F320B8ABA1003D1B27 /* Project object */;
			proxyType = 1;
			remoteGlobalIDString = 257375FA20B8ABA1003D1B27;
			remoteInfo = EcoCap;
		};
/* End PBXContainerItemProxy section */

/* Begin PBXFileReference section */
		25259A2D20BF343000E00F5A /* Challenge.swift */ = {isa = PBXFileReference; lastKnownFileType = sourcecode.swift; path = Challenge.swift; sourceTree = "<group>"; };
		25259A2F20BF479400E00F5A /* Level.swift */ = {isa = PBXFileReference; lastKnownFileType = sourcecode.swift; path = Level.swift; sourceTree = "<group>"; };
		256803A020B9AA8B00490E1D /* ProfileViewController.swift */ = {isa = PBXFileReference; lastKnownFileType = sourcecode.swift; path = ProfileViewController.swift; sourceTree = "<group>"; };
		256803A220B9AAB400490E1D /* ChallengesViewController.swift */ = {isa = PBXFileReference; lastKnownFileType = sourcecode.swift; path = ChallengesViewController.swift; sourceTree = "<group>"; };
		256803A420B9AAC500490E1D /* RankingViewController.swift */ = {isa = PBXFileReference; lastKnownFileType = sourcecode.swift; path = RankingViewController.swift; sourceTree = "<group>"; };
		256803A620B9AAD900490E1D /* SettingsViewController.swift */ = {isa = PBXFileReference; lastKnownFileType = sourcecode.swift; path = SettingsViewController.swift; sourceTree = "<group>"; };
		256803A820B9BAF900490E1D /* ProgressBarView.swift */ = {isa = PBXFileReference; lastKnownFileType = sourcecode.swift; path = ProgressBarView.swift; sourceTree = "<group>"; };
		2570FD2120C7CBED0063E0A5 /* CustomTabBarViewController.swift */ = {isa = PBXFileReference; lastKnownFileType = sourcecode.swift; path = CustomTabBarViewController.swift; sourceTree = "<group>"; };
		257375FB20B8ABA1003D1B27 /* EcoCap.app */ = {isa = PBXFileReference; explicitFileType = wrapper.application; includeInIndex = 0; path = EcoCap.app; sourceTree = BUILT_PRODUCTS_DIR; };
		257375FE20B8ABA1003D1B27 /* AppDelegate.swift */ = {isa = PBXFileReference; lastKnownFileType = sourcecode.swift; path = AppDelegate.swift; sourceTree = "<group>"; };
		2573760020B8ABA1003D1B27 /* AuthViewController.swift */ = {isa = PBXFileReference; lastKnownFileType = sourcecode.swift; name = AuthViewController.swift; path = ../Views/AuthViewController.swift; sourceTree = "<group>"; };
		2573760320B8ABA1003D1B27 /* Base */ = {isa = PBXFileReference; lastKnownFileType = file.storyboard; name = Base; path = Base.lproj/Main.storyboard; sourceTree = "<group>"; };
		2573760520B8ABA2003D1B27 /* Assets.xcassets */ = {isa = PBXFileReference; lastKnownFileType = folder.assetcatalog; path = Assets.xcassets; sourceTree = "<group>"; };
		2573760820B8ABA2003D1B27 /* Base */ = {isa = PBXFileReference; lastKnownFileType = file.storyboard; name = Base; path = Base.lproj/LaunchScreen.storyboard; sourceTree = "<group>"; };
		2573760A20B8ABA2003D1B27 /* Info.plist */ = {isa = PBXFileReference; lastKnownFileType = text.plist.xml; path = Info.plist; sourceTree = "<group>"; };
		2573760F20B8ABA2003D1B27 /* EcoCapTests.xctest */ = {isa = PBXFileReference; explicitFileType = wrapper.cfbundle; includeInIndex = 0; path = EcoCapTests.xctest; sourceTree = BUILT_PRODUCTS_DIR; };
		2573761320B8ABA2003D1B27 /* EcoCapTests.swift */ = {isa = PBXFileReference; lastKnownFileType = sourcecode.swift; path = EcoCapTests.swift; sourceTree = "<group>"; };
		2573761520B8ABA2003D1B27 /* Info.plist */ = {isa = PBXFileReference; lastKnownFileType = text.plist.xml; path = Info.plist; sourceTree = "<group>"; };
		2573761A20B8ABA2003D1B27 /* EcoCapUITests.xctest */ = {isa = PBXFileReference; explicitFileType = wrapper.cfbundle; includeInIndex = 0; path = EcoCapUITests.xctest; sourceTree = BUILT_PRODUCTS_DIR; };
		2573761E20B8ABA2003D1B27 /* EcoCapUITests.swift */ = {isa = PBXFileReference; lastKnownFileType = sourcecode.swift; path = EcoCapUITests.swift; sourceTree = "<group>"; };
		2573762020B8ABA2003D1B27 /* Info.plist */ = {isa = PBXFileReference; lastKnownFileType = text.plist.xml; path = Info.plist; sourceTree = "<group>"; };
		2573762E20B8B21B003D1B27 /* Home.storyboard */ = {isa = PBXFileReference; lastKnownFileType = file.storyboard; path = Home.storyboard; sourceTree = "<group>"; };
		2573763020B8B68F003D1B27 /* OnboardingViewController.swift */ = {isa = PBXFileReference; lastKnownFileType = sourcecode.swift; path = OnboardingViewController.swift; sourceTree = "<group>"; };
		2573763220B8B77E003D1B27 /* PageOneOnboardingView.swift */ = {isa = PBXFileReference; lastKnownFileType = sourcecode.swift; path = PageOneOnboardingView.swift; sourceTree = "<group>"; };
		2573763420B8B78F003D1B27 /* PageTwoOnboardingView.swift */ = {isa = PBXFileReference; lastKnownFileType = sourcecode.swift; path = PageTwoOnboardingView.swift; sourceTree = "<group>"; };
		2573763620B8B79E003D1B27 /* PageThreeOnboardingView.swift */ = {isa = PBXFileReference; lastKnownFileType = sourcecode.swift; path = PageThreeOnboardingView.swift; sourceTree = "<group>"; };
		2573763E20B8CB44003D1B27 /* OnBoardingContainerViewController.swift */ = {isa = PBXFileReference; lastKnownFileType = sourcecode.swift; path = OnBoardingContainerViewController.swift; sourceTree = "<group>"; };
		25CCA40A20C73DA2009D0F55 /* RankingTableViewCell.swift */ = {isa = PBXFileReference; lastKnownFileType = sourcecode.swift; path = RankingTableViewCell.swift; sourceTree = "<group>"; };
		25CCA40C20C74A72009D0F55 /* overrideUIImage.swift */ = {isa = PBXFileReference; lastKnownFileType = sourcecode.swift; path = overrideUIImage.swift; sourceTree = "<group>"; };
		25D165E020BAB22700639D18 /* HeaderStickyView.swift */ = {isa = PBXFileReference; lastKnownFileType = sourcecode.swift; path = HeaderStickyView.swift; sourceTree = "<group>"; };
		25D165E220BAB62E00639D18 /* GradientView.swift */ = {isa = PBXFileReference; lastKnownFileType = sourcecode.swift; path = GradientView.swift; sourceTree = "<group>"; };
		25D165E420BB148D00639D18 /* ChallengesTableViewCell.swift */ = {isa = PBXFileReference; lastKnownFileType = sourcecode.swift; path = ChallengesTableViewCell.swift; sourceTree = "<group>"; };
		25D165E820BB813500639D18 /* CustomViewCell.swift */ = {isa = PBXFileReference; lastKnownFileType = sourcecode.swift; path = CustomViewCell.swift; sourceTree = "<group>"; };
		25E8ABD920BC992B00079A17 /* CategoryTableViewCell.swift */ = {isa = PBXFileReference; lastKnownFileType = sourcecode.swift; path = CategoryTableViewCell.swift; sourceTree = "<group>"; };
		25E8ABDB20BCA3F600079A17 /* GradientRoundedButton.swift */ = {isa = PBXFileReference; lastKnownFileType = sourcecode.swift; path = GradientRoundedButton.swift; sourceTree = "<group>"; };
		25E8ABDD20BCBFBB00079A17 /* DetailChallengeViewController.swift */ = {isa = PBXFileReference; lastKnownFileType = sourcecode.swift; path = DetailChallengeViewController.swift; sourceTree = "<group>"; };
		25F70F3220C5C33F00AD33F7 /* overrideUiColor.swift */ = {isa = PBXFileReference; lastKnownFileType = sourcecode.swift; path = overrideUiColor.swift; sourceTree = "<group>"; };
		25F70F3420C5E8C600AD33F7 /* ProfilViewController.swift */ = {isa = PBXFileReference; lastKnownFileType = sourcecode.swift; path = ProfilViewController.swift; sourceTree = "<group>"; };
		25F70F3620C5F72600AD33F7 /* ProfileTableViewCell.swift */ = {isa = PBXFileReference; lastKnownFileType = sourcecode.swift; path = ProfileTableViewCell.swift; sourceTree = "<group>"; };
		2D0A6CF63423A885B1AA7068 /* Pods-EcoCapUITests.debug.xcconfig */ = {isa = PBXFileReference; includeInIndex = 1; lastKnownFileType = text.xcconfig; name = "Pods-EcoCapUITests.debug.xcconfig"; path = "Pods/Target Support Files/Pods-EcoCapUITests/Pods-EcoCapUITests.debug.xcconfig"; sourceTree = "<group>"; };
		2D92644980E818F3E2AA3F85 /* Pods_EcoCapTests.framework */ = {isa = PBXFileReference; explicitFileType = wrapper.framework; includeInIndex = 0; path = Pods_EcoCapTests.framework; sourceTree = BUILT_PRODUCTS_DIR; };
		64F3DD0FAE813D9EC3C5D9AF /* Pods_EcoCapUITests.framework */ = {isa = PBXFileReference; explicitFileType = wrapper.framework; includeInIndex = 0; path = Pods_EcoCapUITests.framework; sourceTree = BUILT_PRODUCTS_DIR; };
		7B114A8AEBD8C50396D042B9 /* Pods_EcoCap.framework */ = {isa = PBXFileReference; explicitFileType = wrapper.framework; includeInIndex = 0; path = Pods_EcoCap.framework; sourceTree = BUILT_PRODUCTS_DIR; };
		905A57EE2B992C40F75B14C5 /* Pods-EcoCap.debug.xcconfig */ = {isa = PBXFileReference; includeInIndex = 1; lastKnownFileType = text.xcconfig; name = "Pods-EcoCap.debug.xcconfig"; path = "Pods/Target Support Files/Pods-EcoCap/Pods-EcoCap.debug.xcconfig"; sourceTree = "<group>"; };
		A9826AB092E812C905074085 /* Pods-EcoCapTests.debug.xcconfig */ = {isa = PBXFileReference; includeInIndex = 1; lastKnownFileType = text.xcconfig; name = "Pods-EcoCapTests.debug.xcconfig"; path = "Pods/Target Support Files/Pods-EcoCapTests/Pods-EcoCapTests.debug.xcconfig"; sourceTree = "<group>"; };
		B0E50B3E46CF057FB4C473A5 /* Pods-EcoCapTests.release.xcconfig */ = {isa = PBXFileReference; includeInIndex = 1; lastKnownFileType = text.xcconfig; name = "Pods-EcoCapTests.release.xcconfig"; path = "Pods/Target Support Files/Pods-EcoCapTests/Pods-EcoCapTests.release.xcconfig"; sourceTree = "<group>"; };
		BC15E08D95B1193ACFA78F3F /* Pods-EcoCapUITests.release.xcconfig */ = {isa = PBXFileReference; includeInIndex = 1; lastKnownFileType = text.xcconfig; name = "Pods-EcoCapUITests.release.xcconfig"; path = "Pods/Target Support Files/Pods-EcoCapUITests/Pods-EcoCapUITests.release.xcconfig"; sourceTree = "<group>"; };
		EAEE475A20C06FB400C043D5 /* GoogleService-Info.plist */ = {isa = PBXFileReference; fileEncoding = 4; lastKnownFileType = text.plist.xml; path = "GoogleService-Info.plist"; sourceTree = "<group>"; };
		EAEE476220C5369900C043D5 /* Auth.storyboard */ = {isa = PBXFileReference; lastKnownFileType = file.storyboard; path = Auth.storyboard; sourceTree = "<group>"; };
		FAAC53C4ACD15F91FE557A65 /* Pods-EcoCap.release.xcconfig */ = {isa = PBXFileReference; includeInIndex = 1; lastKnownFileType = text.xcconfig; name = "Pods-EcoCap.release.xcconfig"; path = "Pods/Target Support Files/Pods-EcoCap/Pods-EcoCap.release.xcconfig"; sourceTree = "<group>"; };
/* End PBXFileReference section */

/* Begin PBXFrameworksBuildPhase section */
		257375F820B8ABA1003D1B27 /* Frameworks */ = {
			isa = PBXFrameworksBuildPhase;
			buildActionMask = 2147483647;
			files = (
				021386D1ED735E20CE3E2B32 /* Pods_EcoCap.framework in Frameworks */,
			);
			runOnlyForDeploymentPostprocessing = 0;
		};
		2573760C20B8ABA2003D1B27 /* Frameworks */ = {
			isa = PBXFrameworksBuildPhase;
			buildActionMask = 2147483647;
			files = (
				94BCEBD638CC6B69A69EA665 /* Pods_EcoCapTests.framework in Frameworks */,
			);
			runOnlyForDeploymentPostprocessing = 0;
		};
		2573761720B8ABA2003D1B27 /* Frameworks */ = {
			isa = PBXFrameworksBuildPhase;
			buildActionMask = 2147483647;
			files = (
				EDC9B40D2A661E4068ED3862 /* Pods_EcoCapUITests.framework in Frameworks */,
			);
			runOnlyForDeploymentPostprocessing = 0;
		};
/* End PBXFrameworksBuildPhase section */

/* Begin PBXGroup section */
		0310B452D6428E20D95EDF65 /* Frameworks */ = {
			isa = PBXGroup;
			children = (
				7B114A8AEBD8C50396D042B9 /* Pods_EcoCap.framework */,
				2D92644980E818F3E2AA3F85 /* Pods_EcoCapTests.framework */,
				64F3DD0FAE813D9EC3C5D9AF /* Pods_EcoCapUITests.framework */,
			);
			name = Frameworks;
			sourceTree = "<group>";
		};
		257375F220B8ABA1003D1B27 = {
			isa = PBXGroup;
			children = (
				EAEE475A20C06FB400C043D5 /* GoogleService-Info.plist */,
				257375FD20B8ABA1003D1B27 /* EcoCap */,
				2573761220B8ABA2003D1B27 /* EcoCapTests */,
				2573761D20B8ABA2003D1B27 /* EcoCapUITests */,
				257375FC20B8ABA1003D1B27 /* Products */,
				66BBD07205EDC370959C96D5 /* Pods */,
				0310B452D6428E20D95EDF65 /* Frameworks */,
			);
			sourceTree = "<group>";
		};
		257375FC20B8ABA1003D1B27 /* Products */ = {
			isa = PBXGroup;
			children = (
				257375FB20B8ABA1003D1B27 /* EcoCap.app */,
				2573760F20B8ABA2003D1B27 /* EcoCapTests.xctest */,
				2573761A20B8ABA2003D1B27 /* EcoCapUITests.xctest */,
			);
			name = Products;
			sourceTree = "<group>";
		};
		257375FD20B8ABA1003D1B27 /* EcoCap */ = {
			isa = PBXGroup;
			children = (
				EAEE476220C5369900C043D5 /* Auth.storyboard */,
				2573763B20B8B805003D1B27 /* SupportFiles */,
				2573763A20B8B7EA003D1B27 /* Models */,
				2573763920B8B7E3003D1B27 /* Views */,
				2573763820B8B7A4003D1B27 /* Controllers */,
				2573760220B8ABA1003D1B27 /* Main.storyboard */,
				2573762E20B8B21B003D1B27 /* Home.storyboard */,
				257375FE20B8ABA1003D1B27 /* AppDelegate.swift */,
				2573760720B8ABA2003D1B27 /* LaunchScreen.storyboard */,
				2573760520B8ABA2003D1B27 /* Assets.xcassets */,
				2573760A20B8ABA2003D1B27 /* Info.plist */,
			);
			path = EcoCap;
			sourceTree = "<group>";
		};
		2573761220B8ABA2003D1B27 /* EcoCapTests */ = {
			isa = PBXGroup;
			children = (
				2573761320B8ABA2003D1B27 /* EcoCapTests.swift */,
				2573761520B8ABA2003D1B27 /* Info.plist */,
			);
			path = EcoCapTests;
			sourceTree = "<group>";
		};
		2573761D20B8ABA2003D1B27 /* EcoCapUITests */ = {
			isa = PBXGroup;
			children = (
				2573761E20B8ABA2003D1B27 /* EcoCapUITests.swift */,
				2573762020B8ABA2003D1B27 /* Info.plist */,
			);
			path = EcoCapUITests;
			sourceTree = "<group>";
		};
		2573763820B8B7A4003D1B27 /* Controllers */ = {
			isa = PBXGroup;
			children = (
				2573760020B8ABA1003D1B27 /* AuthViewController.swift */,
				2573763D20B8B9ED003D1B27 /* OnBoarding */,
				256803A020B9AA8B00490E1D /* ProfileViewController.swift */,
				256803A220B9AAB400490E1D /* ChallengesViewController.swift */,
				256803A420B9AAC500490E1D /* RankingViewController.swift */,
				256803A620B9AAD900490E1D /* SettingsViewController.swift */,
				25D165E420BB148D00639D18 /* ChallengesTableViewCell.swift */,
				25E8ABD920BC992B00079A17 /* CategoryTableViewCell.swift */,
				25E8ABDD20BCBFBB00079A17 /* DetailChallengeViewController.swift */,
				25F70F3420C5E8C600AD33F7 /* ProfilViewController.swift */,
				25F70F3620C5F72600AD33F7 /* ProfileTableViewCell.swift */,
				25CCA40A20C73DA2009D0F55 /* RankingTableViewCell.swift */,
				2570FD2120C7CBED0063E0A5 /* CustomTabBarViewController.swift */,
			);
			path = Controllers;
			sourceTree = "<group>";
		};
		2573763920B8B7E3003D1B27 /* Views */ = {
			isa = PBXGroup;
			children = (
				256803A820B9BAF900490E1D /* ProgressBarView.swift */,
				25D165E020BAB22700639D18 /* HeaderStickyView.swift */,
				25D165E220BAB62E00639D18 /* GradientView.swift */,
				25D165E820BB813500639D18 /* CustomViewCell.swift */,
				25E8ABDB20BCA3F600079A17 /* GradientRoundedButton.swift */,
			);
			path = Views;
			sourceTree = "<group>";
		};
		2573763A20B8B7EA003D1B27 /* Models */ = {
			isa = PBXGroup;
			children = (
				25259A2D20BF343000E00F5A /* Challenge.swift */,
				25259A2F20BF479400E00F5A /* Level.swift */,
			);
			path = Models;
			sourceTree = "<group>";
		};
		2573763B20B8B805003D1B27 /* SupportFiles */ = {
			isa = PBXGroup;
			children = (
				25F70F3220C5C33F00AD33F7 /* overrideUiColor.swift */,
				25CCA40C20C74A72009D0F55 /* overrideUIImage.swift */,
			);
			path = SupportFiles;
			sourceTree = "<group>";
		};
		2573763D20B8B9ED003D1B27 /* OnBoarding */ = {
			isa = PBXGroup;
			children = (
				2573763020B8B68F003D1B27 /* OnboardingViewController.swift */,
				2573763E20B8CB44003D1B27 /* OnBoardingContainerViewController.swift */,
				2573763220B8B77E003D1B27 /* PageOneOnboardingView.swift */,
				2573763420B8B78F003D1B27 /* PageTwoOnboardingView.swift */,
				2573763620B8B79E003D1B27 /* PageThreeOnboardingView.swift */,
			);
			path = OnBoarding;
			sourceTree = "<group>";
		};
		66BBD07205EDC370959C96D5 /* Pods */ = {
			isa = PBXGroup;
			children = (
				905A57EE2B992C40F75B14C5 /* Pods-EcoCap.debug.xcconfig */,
				FAAC53C4ACD15F91FE557A65 /* Pods-EcoCap.release.xcconfig */,
				A9826AB092E812C905074085 /* Pods-EcoCapTests.debug.xcconfig */,
				B0E50B3E46CF057FB4C473A5 /* Pods-EcoCapTests.release.xcconfig */,
				2D0A6CF63423A885B1AA7068 /* Pods-EcoCapUITests.debug.xcconfig */,
				BC15E08D95B1193ACFA78F3F /* Pods-EcoCapUITests.release.xcconfig */,
			);
			name = Pods;
			sourceTree = "<group>";
		};
/* End PBXGroup section */

/* Begin PBXNativeTarget section */
		257375FA20B8ABA1003D1B27 /* EcoCap */ = {
			isa = PBXNativeTarget;
			buildConfigurationList = 2573762320B8ABA2003D1B27 /* Build configuration list for PBXNativeTarget "EcoCap" */;
			buildPhases = (
				EAB1019CB9CD741C8745F59F /* [CP] Check Pods Manifest.lock */,
				257375F720B8ABA1003D1B27 /* Sources */,
				257375F820B8ABA1003D1B27 /* Frameworks */,
				257375F920B8ABA1003D1B27 /* Resources */,
				E8B67AF89353155DC557DC16 /* [CP] Embed Pods Frameworks */,
			);
			buildRules = (
			);
			dependencies = (
			);
			name = EcoCap;
			productName = EcoCap;
			productReference = 257375FB20B8ABA1003D1B27 /* EcoCap.app */;
			productType = "com.apple.product-type.application";
		};
		2573760E20B8ABA2003D1B27 /* EcoCapTests */ = {
			isa = PBXNativeTarget;
			buildConfigurationList = 2573762620B8ABA2003D1B27 /* Build configuration list for PBXNativeTarget "EcoCapTests" */;
			buildPhases = (
				D4C9CE04EA564A89A865CEC9 /* [CP] Check Pods Manifest.lock */,
				2573760B20B8ABA2003D1B27 /* Sources */,
				2573760C20B8ABA2003D1B27 /* Frameworks */,
				2573760D20B8ABA2003D1B27 /* Resources */,
			);
			buildRules = (
			);
			dependencies = (
				2573761120B8ABA2003D1B27 /* PBXTargetDependency */,
			);
			name = EcoCapTests;
			productName = EcoCapTests;
			productReference = 2573760F20B8ABA2003D1B27 /* EcoCapTests.xctest */;
			productType = "com.apple.product-type.bundle.unit-test";
		};
		2573761920B8ABA2003D1B27 /* EcoCapUITests */ = {
			isa = PBXNativeTarget;
			buildConfigurationList = 2573762920B8ABA2003D1B27 /* Build configuration list for PBXNativeTarget "EcoCapUITests" */;
			buildPhases = (
				B30B4A802746E727EEA3689F /* [CP] Check Pods Manifest.lock */,
				2573761620B8ABA2003D1B27 /* Sources */,
				2573761720B8ABA2003D1B27 /* Frameworks */,
				2573761820B8ABA2003D1B27 /* Resources */,
			);
			buildRules = (
			);
			dependencies = (
				2573761C20B8ABA2003D1B27 /* PBXTargetDependency */,
			);
			name = EcoCapUITests;
			productName = EcoCapUITests;
			productReference = 2573761A20B8ABA2003D1B27 /* EcoCapUITests.xctest */;
			productType = "com.apple.product-type.bundle.ui-testing";
		};
/* End PBXNativeTarget section */

/* Begin PBXProject section */
		257375F320B8ABA1003D1B27 /* Project object */ = {
			isa = PBXProject;
			attributes = {
				LastSwiftUpdateCheck = 0930;
				LastUpgradeCheck = 0930;
				ORGANIZATIONNAME = "Renan Bronchart";
				TargetAttributes = {
					257375FA20B8ABA1003D1B27 = {
						CreatedOnToolsVersion = 9.3.1;
					};
					2573760E20B8ABA2003D1B27 = {
						CreatedOnToolsVersion = 9.3.1;
						TestTargetID = 257375FA20B8ABA1003D1B27;
					};
					2573761920B8ABA2003D1B27 = {
						CreatedOnToolsVersion = 9.3.1;
						TestTargetID = 257375FA20B8ABA1003D1B27;
					};
				};
			};
			buildConfigurationList = 257375F620B8ABA1003D1B27 /* Build configuration list for PBXProject "EcoCap" */;
			compatibilityVersion = "Xcode 9.3";
			developmentRegion = en;
			hasScannedForEncodings = 0;
			knownRegions = (
				en,
				Base,
			);
			mainGroup = 257375F220B8ABA1003D1B27;
			productRefGroup = 257375FC20B8ABA1003D1B27 /* Products */;
			projectDirPath = "";
			projectRoot = "";
			targets = (
				257375FA20B8ABA1003D1B27 /* EcoCap */,
				2573760E20B8ABA2003D1B27 /* EcoCapTests */,
				2573761920B8ABA2003D1B27 /* EcoCapUITests */,
			);
		};
/* End PBXProject section */

/* Begin PBXResourcesBuildPhase section */
		257375F920B8ABA1003D1B27 /* Resources */ = {
			isa = PBXResourcesBuildPhase;
			buildActionMask = 2147483647;
			files = (
				EAEE476320C5369900C043D5 /* Auth.storyboard in Resources */,
				2573760920B8ABA2003D1B27 /* LaunchScreen.storyboard in Resources */,
				2573760620B8ABA2003D1B27 /* Assets.xcassets in Resources */,
				2573760420B8ABA1003D1B27 /* Main.storyboard in Resources */,
				2573762F20B8B21B003D1B27 /* Home.storyboard in Resources */,
				EAEE475B20C06FB400C043D5 /* GoogleService-Info.plist in Resources */,
			);
			runOnlyForDeploymentPostprocessing = 0;
		};
		2573760D20B8ABA2003D1B27 /* Resources */ = {
			isa = PBXResourcesBuildPhase;
			buildActionMask = 2147483647;
			files = (
			);
			runOnlyForDeploymentPostprocessing = 0;
		};
		2573761820B8ABA2003D1B27 /* Resources */ = {
			isa = PBXResourcesBuildPhase;
			buildActionMask = 2147483647;
			files = (
			);
			runOnlyForDeploymentPostprocessing = 0;
		};
/* End PBXResourcesBuildPhase section */

/* Begin PBXShellScriptBuildPhase section */
		B30B4A802746E727EEA3689F /* [CP] Check Pods Manifest.lock */ = {
			isa = PBXShellScriptBuildPhase;
			buildActionMask = 2147483647;
			files = (
			);
			inputPaths = (
				"${PODS_PODFILE_DIR_PATH}/Podfile.lock",
				"${PODS_ROOT}/Manifest.lock",
			);
			name = "[CP] Check Pods Manifest.lock";
			outputPaths = (
				"$(DERIVED_FILE_DIR)/Pods-EcoCapUITests-checkManifestLockResult.txt",
			);
			runOnlyForDeploymentPostprocessing = 0;
			shellPath = /bin/sh;
			shellScript = "diff \"${PODS_PODFILE_DIR_PATH}/Podfile.lock\" \"${PODS_ROOT}/Manifest.lock\" > /dev/null\nif [ $? != 0 ] ; then\n    # print error to STDERR\n    echo \"error: The sandbox is not in sync with the Podfile.lock. Run 'pod install' or update your CocoaPods installation.\" >&2\n    exit 1\nfi\n# This output is used by Xcode 'outputs' to avoid re-running this script phase.\necho \"SUCCESS\" > \"${SCRIPT_OUTPUT_FILE_0}\"\n";
			showEnvVarsInLog = 0;
		};
		D4C9CE04EA564A89A865CEC9 /* [CP] Check Pods Manifest.lock */ = {
			isa = PBXShellScriptBuildPhase;
			buildActionMask = 2147483647;
			files = (
			);
			inputPaths = (
				"${PODS_PODFILE_DIR_PATH}/Podfile.lock",
				"${PODS_ROOT}/Manifest.lock",
			);
			name = "[CP] Check Pods Manifest.lock";
			outputPaths = (
				"$(DERIVED_FILE_DIR)/Pods-EcoCapTests-checkManifestLockResult.txt",
			);
			runOnlyForDeploymentPostprocessing = 0;
			shellPath = /bin/sh;
			shellScript = "diff \"${PODS_PODFILE_DIR_PATH}/Podfile.lock\" \"${PODS_ROOT}/Manifest.lock\" > /dev/null\nif [ $? != 0 ] ; then\n    # print error to STDERR\n    echo \"error: The sandbox is not in sync with the Podfile.lock. Run 'pod install' or update your CocoaPods installation.\" >&2\n    exit 1\nfi\n# This output is used by Xcode 'outputs' to avoid re-running this script phase.\necho \"SUCCESS\" > \"${SCRIPT_OUTPUT_FILE_0}\"\n";
			showEnvVarsInLog = 0;
		};
		E8B67AF89353155DC557DC16 /* [CP] Embed Pods Frameworks */ = {
			isa = PBXShellScriptBuildPhase;
			buildActionMask = 2147483647;
			files = (
			);
			inputPaths = (
				"${SRCROOT}/Pods/Target Support Files/Pods-EcoCap/Pods-EcoCap-frameworks.sh",
				"${BUILT_PRODUCTS_DIR}/BoringSSL/openssl.framework",
				"${BUILT_PRODUCTS_DIR}/GTMSessionFetcher/GTMSessionFetcher.framework",
				"${BUILT_PRODUCTS_DIR}/GoogleToolboxForMac/GoogleToolboxForMac.framework",
				"${BUILT_PRODUCTS_DIR}/Protobuf/Protobuf.framework",
				"${BUILT_PRODUCTS_DIR}/gRPC/GRPCClient.framework",
				"${BUILT_PRODUCTS_DIR}/gRPC-Core/grpc.framework",
				"${BUILT_PRODUCTS_DIR}/gRPC-ProtoRPC/ProtoRPC.framework",
				"${BUILT_PRODUCTS_DIR}/gRPC-RxLibrary/RxLibrary.framework",
				"${BUILT_PRODUCTS_DIR}/leveldb-library/leveldb.framework",
				"${BUILT_PRODUCTS_DIR}/nanopb/nanopb.framework",
			);
			name = "[CP] Embed Pods Frameworks";
			outputPaths = (
				"${TARGET_BUILD_DIR}/${FRAMEWORKS_FOLDER_PATH}/openssl.framework",
				"${TARGET_BUILD_DIR}/${FRAMEWORKS_FOLDER_PATH}/GTMSessionFetcher.framework",
				"${TARGET_BUILD_DIR}/${FRAMEWORKS_FOLDER_PATH}/GoogleToolboxForMac.framework",
				"${TARGET_BUILD_DIR}/${FRAMEWORKS_FOLDER_PATH}/Protobuf.framework",
				"${TARGET_BUILD_DIR}/${FRAMEWORKS_FOLDER_PATH}/GRPCClient.framework",
				"${TARGET_BUILD_DIR}/${FRAMEWORKS_FOLDER_PATH}/grpc.framework",
				"${TARGET_BUILD_DIR}/${FRAMEWORKS_FOLDER_PATH}/ProtoRPC.framework",
				"${TARGET_BUILD_DIR}/${FRAMEWORKS_FOLDER_PATH}/RxLibrary.framework",
				"${TARGET_BUILD_DIR}/${FRAMEWORKS_FOLDER_PATH}/leveldb.framework",
				"${TARGET_BUILD_DIR}/${FRAMEWORKS_FOLDER_PATH}/nanopb.framework",
			);
			runOnlyForDeploymentPostprocessing = 0;
			shellPath = /bin/sh;
			shellScript = "\"${SRCROOT}/Pods/Target Support Files/Pods-EcoCap/Pods-EcoCap-frameworks.sh\"\n";
			showEnvVarsInLog = 0;
		};
		EAB1019CB9CD741C8745F59F /* [CP] Check Pods Manifest.lock */ = {
			isa = PBXShellScriptBuildPhase;
			buildActionMask = 2147483647;
			files = (
			);
			inputPaths = (
				"${PODS_PODFILE_DIR_PATH}/Podfile.lock",
				"${PODS_ROOT}/Manifest.lock",
			);
			name = "[CP] Check Pods Manifest.lock";
			outputPaths = (
				"$(DERIVED_FILE_DIR)/Pods-EcoCap-checkManifestLockResult.txt",
			);
			runOnlyForDeploymentPostprocessing = 0;
			shellPath = /bin/sh;
			shellScript = "diff \"${PODS_PODFILE_DIR_PATH}/Podfile.lock\" \"${PODS_ROOT}/Manifest.lock\" > /dev/null\nif [ $? != 0 ] ; then\n    # print error to STDERR\n    echo \"error: The sandbox is not in sync with the Podfile.lock. Run 'pod install' or update your CocoaPods installation.\" >&2\n    exit 1\nfi\n# This output is used by Xcode 'outputs' to avoid re-running this script phase.\necho \"SUCCESS\" > \"${SCRIPT_OUTPUT_FILE_0}\"\n";
			showEnvVarsInLog = 0;
		};
/* End PBXShellScriptBuildPhase section */

/* Begin PBXSourcesBuildPhase section */
		257375F720B8ABA1003D1B27 /* Sources */ = {
			isa = PBXSourcesBuildPhase;
			buildActionMask = 2147483647;
			files = (
				2573763F20B8CB44003D1B27 /* OnBoardingContainerViewController.swift in Sources */,
				2573760120B8ABA1003D1B27 /* AuthViewController.swift in Sources */,
				25E8ABDE20BCBFBB00079A17 /* DetailChallengeViewController.swift in Sources */,
				256803A720B9AAD900490E1D /* SettingsViewController.swift in Sources */,
				2573763320B8B77E003D1B27 /* PageOneOnboardingView.swift in Sources */,
				25D165E320BAB62E00639D18 /* GradientView.swift in Sources */,
				25D165E920BB813500639D18 /* CustomViewCell.swift in Sources */,
				25CCA40D20C74A72009D0F55 /* overrideUIImage.swift in Sources */,
				2573763120B8B68F003D1B27 /* OnboardingViewController.swift in Sources */,
				256803A320B9AAB400490E1D /* ChallengesViewController.swift in Sources */,
				25F70F3720C5F72600AD33F7 /* ProfileTableViewCell.swift in Sources */,
				25259A2E20BF343000E00F5A /* Challenge.swift in Sources */,
				256803A520B9AAC500490E1D /* RankingViewController.swift in Sources */,
				25F70F3320C5C33F00AD33F7 /* overrideUiColor.swift in Sources */,
				256803A920B9BAF900490E1D /* ProgressBarView.swift in Sources */,
				25CCA40B20C73DA2009D0F55 /* RankingTableViewCell.swift in Sources */,
				25D165E120BAB22700639D18 /* HeaderStickyView.swift in Sources */,
				2573763720B8B79E003D1B27 /* PageThreeOnboardingView.swift in Sources */,
				257375FF20B8ABA1003D1B27 /* AppDelegate.swift in Sources */,
				25259A3020BF479400E00F5A /* Level.swift in Sources */,
				256803A120B9AA8B00490E1D /* ProfileViewController.swift in Sources */,
				2573763520B8B78F003D1B27 /* PageTwoOnboardingView.swift in Sources */,
				25F70F3520C5E8C600AD33F7 /* ProfilViewController.swift in Sources */,
				2570FD2220C7CBED0063E0A5 /* CustomTabBarViewController.swift in Sources */,
				25D165E520BB148D00639D18 /* ChallengesTableViewCell.swift in Sources */,
				25E8ABDA20BC992B00079A17 /* CategoryTableViewCell.swift in Sources */,
				25E8ABDC20BCA3F600079A17 /* GradientRoundedButton.swift in Sources */,
			);
			runOnlyForDeploymentPostprocessing = 0;
		};
		2573760B20B8ABA2003D1B27 /* Sources */ = {
			isa = PBXSourcesBuildPhase;
			buildActionMask = 2147483647;
			files = (
				2573761420B8ABA2003D1B27 /* EcoCapTests.swift in Sources */,
			);
			runOnlyForDeploymentPostprocessing = 0;
		};
		2573761620B8ABA2003D1B27 /* Sources */ = {
			isa = PBXSourcesBuildPhase;
			buildActionMask = 2147483647;
			files = (
				2573761F20B8ABA2003D1B27 /* EcoCapUITests.swift in Sources */,
			);
			runOnlyForDeploymentPostprocessing = 0;
		};
/* End PBXSourcesBuildPhase section */

/* Begin PBXTargetDependency section */
		2573761120B8ABA2003D1B27 /* PBXTargetDependency */ = {
			isa = PBXTargetDependency;
			target = 257375FA20B8ABA1003D1B27 /* EcoCap */;
			targetProxy = 2573761020B8ABA2003D1B27 /* PBXContainerItemProxy */;
		};
		2573761C20B8ABA2003D1B27 /* PBXTargetDependency */ = {
			isa = PBXTargetDependency;
			target = 257375FA20B8ABA1003D1B27 /* EcoCap */;
			targetProxy = 2573761B20B8ABA2003D1B27 /* PBXContainerItemProxy */;
		};
/* End PBXTargetDependency section */

/* Begin PBXVariantGroup section */
		2573760220B8ABA1003D1B27 /* Main.storyboard */ = {
			isa = PBXVariantGroup;
			children = (
				2573760320B8ABA1003D1B27 /* Base */,
			);
			name = Main.storyboard;
			sourceTree = "<group>";
		};
		2573760720B8ABA2003D1B27 /* LaunchScreen.storyboard */ = {
			isa = PBXVariantGroup;
			children = (
				2573760820B8ABA2003D1B27 /* Base */,
			);
			name = LaunchScreen.storyboard;
			sourceTree = "<group>";
		};
/* End PBXVariantGroup section */

/* Begin XCBuildConfiguration section */
		2573762120B8ABA2003D1B27 /* Debug */ = {
			isa = XCBuildConfiguration;
			buildSettings = {
				ALWAYS_SEARCH_USER_PATHS = NO;
				CLANG_ANALYZER_NONNULL = YES;
				CLANG_ANALYZER_NUMBER_OBJECT_CONVERSION = YES_AGGRESSIVE;
				CLANG_CXX_LANGUAGE_STANDARD = "gnu++14";
				CLANG_CXX_LIBRARY = "libc++";
				CLANG_ENABLE_MODULES = YES;
				CLANG_ENABLE_OBJC_ARC = YES;
				CLANG_ENABLE_OBJC_WEAK = YES;
				CLANG_WARN_BLOCK_CAPTURE_AUTORELEASING = YES;
				CLANG_WARN_BOOL_CONVERSION = YES;
				CLANG_WARN_COMMA = YES;
				CLANG_WARN_CONSTANT_CONVERSION = YES;
				CLANG_WARN_DEPRECATED_OBJC_IMPLEMENTATIONS = YES;
				CLANG_WARN_DIRECT_OBJC_ISA_USAGE = YES_ERROR;
				CLANG_WARN_DOCUMENTATION_COMMENTS = YES;
				CLANG_WARN_EMPTY_BODY = YES;
				CLANG_WARN_ENUM_CONVERSION = YES;
				CLANG_WARN_INFINITE_RECURSION = YES;
				CLANG_WARN_INT_CONVERSION = YES;
				CLANG_WARN_NON_LITERAL_NULL_CONVERSION = YES;
				CLANG_WARN_OBJC_IMPLICIT_RETAIN_SELF = YES;
				CLANG_WARN_OBJC_LITERAL_CONVERSION = YES;
				CLANG_WARN_OBJC_ROOT_CLASS = YES_ERROR;
				CLANG_WARN_RANGE_LOOP_ANALYSIS = YES;
				CLANG_WARN_STRICT_PROTOTYPES = YES;
				CLANG_WARN_SUSPICIOUS_MOVE = YES;
				CLANG_WARN_UNGUARDED_AVAILABILITY = YES_AGGRESSIVE;
				CLANG_WARN_UNREACHABLE_CODE = YES;
				CLANG_WARN__DUPLICATE_METHOD_MATCH = YES;
				CODE_SIGN_IDENTITY = "iPhone Developer";
				COPY_PHASE_STRIP = NO;
				DEBUG_INFORMATION_FORMAT = dwarf;
				ENABLE_STRICT_OBJC_MSGSEND = YES;
				ENABLE_TESTABILITY = YES;
				GCC_C_LANGUAGE_STANDARD = gnu11;
				GCC_DYNAMIC_NO_PIC = NO;
				GCC_NO_COMMON_BLOCKS = YES;
				GCC_OPTIMIZATION_LEVEL = 0;
				GCC_PREPROCESSOR_DEFINITIONS = (
					"DEBUG=1",
					"$(inherited)",
				);
				GCC_WARN_64_TO_32_BIT_CONVERSION = YES;
				GCC_WARN_ABOUT_RETURN_TYPE = YES_ERROR;
				GCC_WARN_UNDECLARED_SELECTOR = YES;
				GCC_WARN_UNINITIALIZED_AUTOS = YES_AGGRESSIVE;
				GCC_WARN_UNUSED_FUNCTION = YES;
				GCC_WARN_UNUSED_VARIABLE = YES;
				IPHONEOS_DEPLOYMENT_TARGET = 11.3;
				MTL_ENABLE_DEBUG_INFO = YES;
				ONLY_ACTIVE_ARCH = YES;
				SDKROOT = iphoneos;
				SWIFT_ACTIVE_COMPILATION_CONDITIONS = DEBUG;
				SWIFT_OPTIMIZATION_LEVEL = "-Onone";
			};
			name = Debug;
		};
		2573762220B8ABA2003D1B27 /* Release */ = {
			isa = XCBuildConfiguration;
			buildSettings = {
				ALWAYS_SEARCH_USER_PATHS = NO;
				CLANG_ANALYZER_NONNULL = YES;
				CLANG_ANALYZER_NUMBER_OBJECT_CONVERSION = YES_AGGRESSIVE;
				CLANG_CXX_LANGUAGE_STANDARD = "gnu++14";
				CLANG_CXX_LIBRARY = "libc++";
				CLANG_ENABLE_MODULES = YES;
				CLANG_ENABLE_OBJC_ARC = YES;
				CLANG_ENABLE_OBJC_WEAK = YES;
				CLANG_WARN_BLOCK_CAPTURE_AUTORELEASING = YES;
				CLANG_WARN_BOOL_CONVERSION = YES;
				CLANG_WARN_COMMA = YES;
				CLANG_WARN_CONSTANT_CONVERSION = YES;
				CLANG_WARN_DEPRECATED_OBJC_IMPLEMENTATIONS = YES;
				CLANG_WARN_DIRECT_OBJC_ISA_USAGE = YES_ERROR;
				CLANG_WARN_DOCUMENTATION_COMMENTS = YES;
				CLANG_WARN_EMPTY_BODY = YES;
				CLANG_WARN_ENUM_CONVERSION = YES;
				CLANG_WARN_INFINITE_RECURSION = YES;
				CLANG_WARN_INT_CONVERSION = YES;
				CLANG_WARN_NON_LITERAL_NULL_CONVERSION = YES;
				CLANG_WARN_OBJC_IMPLICIT_RETAIN_SELF = YES;
				CLANG_WARN_OBJC_LITERAL_CONVERSION = YES;
				CLANG_WARN_OBJC_ROOT_CLASS = YES_ERROR;
				CLANG_WARN_RANGE_LOOP_ANALYSIS = YES;
				CLANG_WARN_STRICT_PROTOTYPES = YES;
				CLANG_WARN_SUSPICIOUS_MOVE = YES;
				CLANG_WARN_UNGUARDED_AVAILABILITY = YES_AGGRESSIVE;
				CLANG_WARN_UNREACHABLE_CODE = YES;
				CLANG_WARN__DUPLICATE_METHOD_MATCH = YES;
				CODE_SIGN_IDENTITY = "iPhone Developer";
				COPY_PHASE_STRIP = NO;
				DEBUG_INFORMATION_FORMAT = "dwarf-with-dsym";
				ENABLE_NS_ASSERTIONS = NO;
				ENABLE_STRICT_OBJC_MSGSEND = YES;
				GCC_C_LANGUAGE_STANDARD = gnu11;
				GCC_NO_COMMON_BLOCKS = YES;
				GCC_WARN_64_TO_32_BIT_CONVERSION = YES;
				GCC_WARN_ABOUT_RETURN_TYPE = YES_ERROR;
				GCC_WARN_UNDECLARED_SELECTOR = YES;
				GCC_WARN_UNINITIALIZED_AUTOS = YES_AGGRESSIVE;
				GCC_WARN_UNUSED_FUNCTION = YES;
				GCC_WARN_UNUSED_VARIABLE = YES;
				IPHONEOS_DEPLOYMENT_TARGET = 11.3;
				MTL_ENABLE_DEBUG_INFO = NO;
				SDKROOT = iphoneos;
				SWIFT_COMPILATION_MODE = wholemodule;
				SWIFT_OPTIMIZATION_LEVEL = "-O";
				VALIDATE_PRODUCT = YES;
			};
			name = Release;
		};
		2573762420B8ABA2003D1B27 /* Debug */ = {
			isa = XCBuildConfiguration;
			baseConfigurationReference = 905A57EE2B992C40F75B14C5 /* Pods-EcoCap.debug.xcconfig */;
			buildSettings = {
				ASSETCATALOG_COMPILER_APPICON_NAME = AppIcon;
				CODE_SIGN_STYLE = Automatic;
				DEVELOPMENT_TEAM = 7ZYWN89QZM;
				INFOPLIST_FILE = EcoCap/Info.plist;
				LD_RUNPATH_SEARCH_PATHS = (
					"$(inherited)",
					"@executable_path/Frameworks",
				);
				PRODUCT_BUNDLE_IDENTIFIER = renanbronchart.EcoCap;
				PRODUCT_NAME = "$(TARGET_NAME)";
				SWIFT_VERSION = 4.0;
				TARGETED_DEVICE_FAMILY = "1,2";
			};
			name = Debug;
		};
		2573762520B8ABA2003D1B27 /* Release */ = {
			isa = XCBuildConfiguration;
			baseConfigurationReference = FAAC53C4ACD15F91FE557A65 /* Pods-EcoCap.release.xcconfig */;
			buildSettings = {
				ASSETCATALOG_COMPILER_APPICON_NAME = AppIcon;
				CODE_SIGN_STYLE = Automatic;
				DEVELOPMENT_TEAM = 7ZYWN89QZM;
				INFOPLIST_FILE = EcoCap/Info.plist;
				LD_RUNPATH_SEARCH_PATHS = (
					"$(inherited)",
					"@executable_path/Frameworks",
				);
				PRODUCT_BUNDLE_IDENTIFIER = renanbronchart.EcoCap;
				PRODUCT_NAME = "$(TARGET_NAME)";
				SWIFT_VERSION = 4.0;
				TARGETED_DEVICE_FAMILY = "1,2";
			};
			name = Release;
		};
		2573762720B8ABA2003D1B27 /* Debug */ = {
			isa = XCBuildConfiguration;
			baseConfigurationReference = A9826AB092E812C905074085 /* Pods-EcoCapTests.debug.xcconfig */;
			buildSettings = {
				ALWAYS_EMBED_SWIFT_STANDARD_LIBRARIES = YES;
				BUNDLE_LOADER = "$(TEST_HOST)";
				CODE_SIGN_STYLE = Automatic;
				DEVELOPMENT_TEAM = 7ZYWN89QZM;
				INFOPLIST_FILE = EcoCapTests/Info.plist;
				LD_RUNPATH_SEARCH_PATHS = (
					"$(inherited)",
					"@executable_path/Frameworks",
					"@loader_path/Frameworks",
				);
				PRODUCT_BUNDLE_IDENTIFIER = renanbronchart.EcoCapTests;
				PRODUCT_NAME = "$(TARGET_NAME)";
				SWIFT_VERSION = 4.0;
				TARGETED_DEVICE_FAMILY = "1,2";
				TEST_HOST = "$(BUILT_PRODUCTS_DIR)/EcoCap.app/EcoCap";
			};
			name = Debug;
		};
		2573762820B8ABA2003D1B27 /* Release */ = {
			isa = XCBuildConfiguration;
			baseConfigurationReference = B0E50B3E46CF057FB4C473A5 /* Pods-EcoCapTests.release.xcconfig */;
			buildSettings = {
				ALWAYS_EMBED_SWIFT_STANDARD_LIBRARIES = YES;
				BUNDLE_LOADER = "$(TEST_HOST)";
				CODE_SIGN_STYLE = Automatic;
				DEVELOPMENT_TEAM = 7ZYWN89QZM;
				INFOPLIST_FILE = EcoCapTests/Info.plist;
				LD_RUNPATH_SEARCH_PATHS = (
					"$(inherited)",
					"@executable_path/Frameworks",
					"@loader_path/Frameworks",
				);
				PRODUCT_BUNDLE_IDENTIFIER = renanbronchart.EcoCapTests;
				PRODUCT_NAME = "$(TARGET_NAME)";
				SWIFT_VERSION = 4.0;
				TARGETED_DEVICE_FAMILY = "1,2";
				TEST_HOST = "$(BUILT_PRODUCTS_DIR)/EcoCap.app/EcoCap";
			};
			name = Release;
		};
		2573762A20B8ABA2003D1B27 /* Debug */ = {
			isa = XCBuildConfiguration;
			baseConfigurationReference = 2D0A6CF63423A885B1AA7068 /* Pods-EcoCapUITests.debug.xcconfig */;
			buildSettings = {
				ALWAYS_EMBED_SWIFT_STANDARD_LIBRARIES = YES;
				CODE_SIGN_STYLE = Automatic;
				DEVELOPMENT_TEAM = 7ZYWN89QZM;
				INFOPLIST_FILE = EcoCapUITests/Info.plist;
				LD_RUNPATH_SEARCH_PATHS = (
					"$(inherited)",
					"@executable_path/Frameworks",
					"@loader_path/Frameworks",
				);
				PRODUCT_BUNDLE_IDENTIFIER = renanbronchart.EcoCapUITests;
				PRODUCT_NAME = "$(TARGET_NAME)";
				SWIFT_VERSION = 4.0;
				TARGETED_DEVICE_FAMILY = "1,2";
				TEST_TARGET_NAME = EcoCap;
			};
			name = Debug;
		};
		2573762B20B8ABA2003D1B27 /* Release */ = {
			isa = XCBuildConfiguration;
			baseConfigurationReference = BC15E08D95B1193ACFA78F3F /* Pods-EcoCapUITests.release.xcconfig */;
			buildSettings = {
				ALWAYS_EMBED_SWIFT_STANDARD_LIBRARIES = YES;
				CODE_SIGN_STYLE = Automatic;
				DEVELOPMENT_TEAM = 7ZYWN89QZM;
				INFOPLIST_FILE = EcoCapUITests/Info.plist;
				LD_RUNPATH_SEARCH_PATHS = (
					"$(inherited)",
					"@executable_path/Frameworks",
					"@loader_path/Frameworks",
				);
				PRODUCT_BUNDLE_IDENTIFIER = renanbronchart.EcoCapUITests;
				PRODUCT_NAME = "$(TARGET_NAME)";
				SWIFT_VERSION = 4.0;
				TARGETED_DEVICE_FAMILY = "1,2";
				TEST_TARGET_NAME = EcoCap;
			};
			name = Release;
		};
/* End XCBuildConfiguration section */

/* Begin XCConfigurationList section */
		257375F620B8ABA1003D1B27 /* Build configuration list for PBXProject "EcoCap" */ = {
			isa = XCConfigurationList;
			buildConfigurations = (
				2573762120B8ABA2003D1B27 /* Debug */,
				2573762220B8ABA2003D1B27 /* Release */,
			);
			defaultConfigurationIsVisible = 0;
			defaultConfigurationName = Release;
		};
		2573762320B8ABA2003D1B27 /* Build configuration list for PBXNativeTarget "EcoCap" */ = {
			isa = XCConfigurationList;
			buildConfigurations = (
				2573762420B8ABA2003D1B27 /* Debug */,
				2573762520B8ABA2003D1B27 /* Release */,
			);
			defaultConfigurationIsVisible = 0;
			defaultConfigurationName = Release;
		};
		2573762620B8ABA2003D1B27 /* Build configuration list for PBXNativeTarget "EcoCapTests" */ = {
			isa = XCConfigurationList;
			buildConfigurations = (
				2573762720B8ABA2003D1B27 /* Debug */,
				2573762820B8ABA2003D1B27 /* Release */,
			);
			defaultConfigurationIsVisible = 0;
			defaultConfigurationName = Release;
		};
		2573762920B8ABA2003D1B27 /* Build configuration list for PBXNativeTarget "EcoCapUITests" */ = {
			isa = XCConfigurationList;
			buildConfigurations = (
				2573762A20B8ABA2003D1B27 /* Debug */,
				2573762B20B8ABA2003D1B27 /* Release */,
			);
			defaultConfigurationIsVisible = 0;
			defaultConfigurationName = Release;
		};
/* End XCConfigurationList section */
	};
	rootObject = 257375F320B8ABA1003D1B27 /* Project object */;
}
